# @generated by Move, please check-in and do not edit manually.

[move]
version = 3
manifest_digest = "D34CAAB71865ED61C6E5D991413D192C2A333D69F0F5D3F4358F1BBBE5C70288"
deps_digest = "F8BBB0CCB2491CA29A3DF03D6F92277A4F3574266507ACD77214D37ECA3F3082"
dependencies = [
  { id = "Sui", name = "Sui" },
]

[[move.package]]
id = "MoveStdlib"
source = { git = "https://github.com/MystenLabs/sui.git", rev = "framework/testnet", subdir = "crates/sui-framework/packages/move-stdlib" }

[[move.package]]
id = "Sui"
source = { git = "https://github.com/MystenLabs/sui.git", rev = "framework/testnet", subdir = "crates/sui-framework/packages/sui-framework" }

dependencies = [
  { id = "MoveStdlib", name = "MoveStdlib" },
]

[move.toolchain-version]
compiler-version = "1.59.0"
edition = "2024"
flavor = "sui"

[env]

[env.testnet]
chain-id = "4c78adac"
original-published-id = "0x4050ace62cd2e340d55b1bbf18a7e09c24e086cbf0698cb131ef5fcf4bd6b122"
latest-published-id = "0x4050ace62cd2e340d55b1bbf18a7e09c24e086cbf0698cb131ef5fcf4bd6b122"
published-version = "1"
